
Microsoft Visual Studio Solution File, Format Version 12.00
Project("{FAE04EC0-301F-11D3-BF4B-00C04F79EFBC}") = "Chapter.4.5.H", "Chapter.4.5.H\Chapter.4.5.H.csproj", "{EF6E3807-324B-4D84-AC7D-F5FF0DE83A56}"
EndProject
Global
	GlobalSection(SolutionConfigurationPlatforms) = preSolution
		Debug|Any CPU = Debug|Any CPU
		Release|Any CPU = Release|Any CPU
	EndGlobalSection
	GlobalSection(ProjectConfigurationPlatforms) = postSolution
		{EF6E3807-324B-4D84-AC7D-F5FF0DE83A56}.Debug|Any CPU.ActiveCfg = Debug|Any CPU
		{EF6E3807-324B-4D84-AC7D-F5FF0DE83A56}.Debug|Any CPU.Build.0 = Debug|Any CPU
		{EF6E3807-324B-4D84-AC7D-F5FF0DE83A56}.Release|Any CPU.ActiveCfg = Release|Any CPU
		{EF6E3807-324B-4D84-AC7D-F5FF0DE83A56}.Release|Any CPU.Build.0 = Release|Any CPU
	EndGlobalSection
EndGlobal
