
Microsoft Visual Studio Solution File, Format Version 12.00
Project("{FAE04EC0-301F-11D3-BF4B-00C04F79EFBC}") = "Chapter.4.4.H.日誌框架", "Chapter.4.4.H.日誌框架.csproj", "{4B96E13C-0512-4A37-9B04-440E47756C02}"
EndProject
Global
	GlobalSection(SolutionConfigurationPlatforms) = preSolution
		Debug|Any CPU = Debug|Any CPU
		Release|Any CPU = Release|Any CPU
	EndGlobalSection
	GlobalSection(ProjectConfigurationPlatforms) = postSolution
		{4B96E13C-0512-4A37-9B04-440E47756C02}.Debug|Any CPU.ActiveCfg = Debug|Any CPU
		{4B96E13C-0512-4A37-9B04-440E47756C02}.Debug|Any CPU.Build.0 = Debug|Any CPU
		{4B96E13C-0512-4A37-9B04-440E47756C02}.Release|Any CPU.ActiveCfg = Release|Any CPU
		{4B96E13C-0512-4A37-9B04-440E47756C02}.Release|Any CPU.Build.0 = Release|Any CPU
	EndGlobalSection
EndGlobal
