
Microsoft Visual Studio Solution File, Format Version 12.00
Project("{FAE04EC0-301F-11D3-BF4B-00C04F79EFBC}") = "Chapter.3.1.H.Youtube訂閱機制", "Chapter.3.1.H.Youtube訂閱機制\Chapter.3.1.H.Youtube訂閱機制.csproj", "{91571A20-4D18-411D-B81A-0CE93A7BE5F0}"
EndProject
Global
	GlobalSection(SolutionConfigurationPlatforms) = preSolution
		Debug|Any CPU = Debug|Any CPU
		Release|Any CPU = Release|Any CPU
	EndGlobalSection
	GlobalSection(ProjectConfigurationPlatforms) = postSolution
		{91571A20-4D18-411D-B81A-0CE93A7BE5F0}.Debug|Any CPU.ActiveCfg = Debug|Any CPU
		{91571A20-4D18-411D-B81A-0CE93A7BE5F0}.Debug|Any CPU.Build.0 = Debug|Any CPU
		{91571A20-4D18-411D-B81A-0CE93A7BE5F0}.Release|Any CPU.ActiveCfg = Release|Any CPU
		{91571A20-4D18-411D-B81A-0CE93A7BE5F0}.Release|Any CPU.Build.0 = Release|Any CPU
	EndGlobalSection
EndGlobal
